{
  "name": "@ethernauta/core",
  "version": "0.0.1",
  "lockfileVersion": 3,
  "requires": true,
  "packages": {
    "": {
      "name": "@ethernauta/core",
      "version": "0.0.1",
      "dependencies": {
        "valibot": "^0.21.0"
      }
    },
    "node_modules/valibot": {
      "version": "0.21.0",
      "resolved": "https://registry.npmjs.org/valibot/-/valibot-0.21.0.tgz",
      "integrity": "sha512-XnzpX93b1vQL7CB3fHlhpLg7OutYpc3ke8SKOvp7IXgicRfTdP/w8+bf0DjhVsySq6YdF4Opld05mj6bTobo9g=="
    }
  }
}
