{
  "name": "@ethernauta/abi",
  "version": "0.0.1",
  "lockfileVersion": 3,
  "requires": true,
  "packages": {
    "": {
      "name": "@ethernauta/abi",
      "version": "0.0.1",
      "dependencies": {
        "valibot": "^0.22.0"
      }
    },
    "node_modules/valibot": {
      "version": "0.22.0",
      "resolved": "https://registry.npmjs.org/valibot/-/valibot-0.22.0.tgz",
      "integrity": "sha512-tINTvsrvSaN6wN4Hxes1KG7VMM7nysk4zD0Q7CjE8Id7Zx1tKKaF3eGGP84N6nkhqiv0fgyArUeDoRNF0JO4ng=="
    }
  }
}
